
Microsoft Visual Studio Solution File, Format Version 12.00
# Visual Studio Version 17
VisualStudioVersion = 17.0.31903.59
MinimumVisualStudioVersion = 10.0.40219.1
Project("{FAE04EC0-301F-11D3-BF4B-00C04F79EFBC}") = "Trainr.Domain", "Trainr.Domain\Trainr.Domain.csproj", "{106A5869-D727-4373-97C0-B536950A1380}"
EndProject
Project("{FAE04EC0-301F-11D3-BF4B-00C04F79EFBC}") = "Trainr.Application", "Trainr.Application\Trainr.Application.csproj", "{F0BC1FFD-FBED-4172-B59A-81176609C0C1}"
EndProject
Project("{FAE04EC0-301F-11D3-BF4B-00C04F79EFBC}") = "Trainr.Infrastructure", "Trainr.Infrastructure\Trainr.Infrastructure.csproj", "{BDAAE1ED-3F90-4A48-9E93-9B8B4A44CF9F}"
EndProject
Project("{FAE04EC0-301F-11D3-BF4B-00C04F79EFBC}") = "Trainr.API", "Trainr.API\Trainr.API.csproj", "{88371886-C8FE-4C77-8A24-65949F712D0E}"
EndProject
Global
	GlobalSection(SolutionConfigurationPlatforms) = preSolution
		Debug|Any CPU = Debug|Any CPU
		Debug|x64 = Debug|x64
		Debug|x86 = Debug|x86
		Release|Any CPU = Release|Any CPU
		Release|x64 = Release|x64
		Release|x86 = Release|x86
	EndGlobalSection
	GlobalSection(ProjectConfigurationPlatforms) = postSolution
		{106A5869-D727-4373-97C0-B536950A1380}.Debug|Any CPU.ActiveCfg = Debug|Any CPU
		{106A5869-D727-4373-97C0-B536950A1380}.Debug|Any CPU.Build.0 = Debug|Any CPU
		{106A5869-D727-4373-97C0-B536950A1380}.Debug|x64.ActiveCfg = Debug|Any CPU
		{106A5869-D727-4373-97C0-B536950A1380}.Debug|x64.Build.0 = Debug|Any CPU
		{106A5869-D727-4373-97C0-B536950A1380}.Debug|x86.ActiveCfg = Debug|Any CPU
		{106A5869-D727-4373-97C0-B536950A1380}.Debug|x86.Build.0 = Debug|Any CPU
		{106A5869-D727-4373-97C0-B536950A1380}.Release|Any CPU.ActiveCfg = Release|Any CPU
		{106A5869-D727-4373-97C0-B536950A1380}.Release|Any CPU.Build.0 = Release|Any CPU
		{106A5869-D727-4373-97C0-B536950A1380}.Release|x64.ActiveCfg = Release|Any CPU
		{106A5869-D727-4373-97C0-B536950A1380}.Release|x64.Build.0 = Release|Any CPU
		{106A5869-D727-4373-97C0-B536950A1380}.Release|x86.ActiveCfg = Release|Any CPU
		{106A5869-D727-4373-97C0-B536950A1380}.Release|x86.Build.0 = Release|Any CPU
		{F0BC1FFD-FBED-4172-B59A-81176609C0C1}.Debug|Any CPU.ActiveCfg = Debug|Any CPU
		{F0BC1FFD-FBED-4172-B59A-81176609C0C1}.Debug|Any CPU.Build.0 = Debug|Any CPU
		{F0BC1FFD-FBED-4172-B59A-81176609C0C1}.Debug|x64.ActiveCfg = Debug|Any CPU
		{F0BC1FFD-FBED-4172-B59A-81176609C0C1}.Debug|x64.Build.0 = Debug|Any CPU
		{F0BC1FFD-FBED-4172-B59A-81176609C0C1}.Debug|x86.ActiveCfg = Debug|Any CPU
		{F0BC1FFD-FBED-4172-B59A-81176609C0C1}.Debug|x86.Build.0 = Debug|Any CPU
		{F0BC1FFD-FBED-4172-B59A-81176609C0C1}.Release|Any CPU.ActiveCfg = Release|Any CPU
		{F0BC1FFD-FBED-4172-B59A-81176609C0C1}.Release|Any CPU.Build.0 = Release|Any CPU
		{F0BC1FFD-FBED-4172-B59A-81176609C0C1}.Release|x64.ActiveCfg = Release|Any CPU
		{F0BC1FFD-FBED-4172-B59A-81176609C0C1}.Release|x64.Build.0 = Release|Any CPU
		{F0BC1FFD-FBED-4172-B59A-81176609C0C1}.Release|x86.ActiveCfg = Release|Any CPU
		{F0BC1FFD-FBED-4172-B59A-81176609C0C1}.Release|x86.Build.0 = Release|Any CPU
		{BDAAE1ED-3F90-4A48-9E93-9B8B4A44CF9F}.Debug|Any CPU.ActiveCfg = Debug|Any CPU
		{BDAAE1ED-3F90-4A48-9E93-9B8B4A44CF9F}.Debug|Any CPU.Build.0 = Debug|Any CPU
		{BDAAE1ED-3F90-4A48-9E93-9B8B4A44CF9F}.Debug|x64.ActiveCfg = Debug|Any CPU
		{BDAAE1ED-3F90-4A48-9E93-9B8B4A44CF9F}.Debug|x64.Build.0 = Debug|Any CPU
		{BDAAE1ED-3F90-4A48-9E93-9B8B4A44CF9F}.Debug|x86.ActiveCfg = Debug|Any CPU
		{BDAAE1ED-3F90-4A48-9E93-9B8B4A44CF9F}.Debug|x86.Build.0 = Debug|Any CPU
		{BDAAE1ED-3F90-4A48-9E93-9B8B4A44CF9F}.Release|Any CPU.ActiveCfg = Release|Any CPU
		{BDAAE1ED-3F90-4A48-9E93-9B8B4A44CF9F}.Release|Any CPU.Build.0 = Release|Any CPU
		{BDAAE1ED-3F90-4A48-9E93-9B8B4A44CF9F}.Release|x64.ActiveCfg = Release|Any CPU
		{BDAAE1ED-3F90-4A48-9E93-9B8B4A44CF9F}.Release|x64.Build.0 = Release|Any CPU
		{BDAAE1ED-3F90-4A48-9E93-9B8B4A44CF9F}.Release|x86.ActiveCfg = Release|Any CPU
		{BDAAE1ED-3F90-4A48-9E93-9B8B4A44CF9F}.Release|x86.Build.0 = Release|Any CPU
		{88371886-C8FE-4C77-8A24-65949F712D0E}.Debug|Any CPU.ActiveCfg = Debug|Any CPU
		{88371886-C8FE-4C77-8A24-65949F712D0E}.Debug|Any CPU.Build.0 = Debug|Any CPU
		{88371886-C8FE-4C77-8A24-65949F712D0E}.Debug|x64.ActiveCfg = Debug|Any CPU
		{88371886-C8FE-4C77-8A24-65949F712D0E}.Debug|x64.Build.0 = Debug|Any CPU
		{88371886-C8FE-4C77-8A24-65949F712D0E}.Debug|x86.ActiveCfg = Debug|Any CPU
		{88371886-C8FE-4C77-8A24-65949F712D0E}.Debug|x86.Build.0 = Debug|Any CPU
		{88371886-C8FE-4C77-8A24-65949F712D0E}.Release|Any CPU.ActiveCfg = Release|Any CPU
		{88371886-C8FE-4C77-8A24-65949F712D0E}.Release|Any CPU.Build.0 = Release|Any CPU
		{88371886-C8FE-4C77-8A24-65949F712D0E}.Release|x64.ActiveCfg = Release|Any CPU
		{88371886-C8FE-4C77-8A24-65949F712D0E}.Release|x64.Build.0 = Release|Any CPU
		{88371886-C8FE-4C77-8A24-65949F712D0E}.Release|x86.ActiveCfg = Release|Any CPU
		{88371886-C8FE-4C77-8A24-65949F712D0E}.Release|x86.Build.0 = Release|Any CPU
	EndGlobalSection
	GlobalSection(SolutionProperties) = preSolution
		HideSolutionNode = FALSE
	EndGlobalSection
EndGlobal
